
Microsoft Visual Studio Solution File, Format Version 12.00
# Visual Studio Version 16
VisualStudioVersion = 16.0.29911.84
MinimumVisualStudioVersion = 10.0.40219.1
Project("{FAE04EC0-301F-11D3-BF4B-00C04F79EFBC}") = "MYUSIS", "MYUSIS\MYUSIS.csproj", "{9137B5A0-1B8D-491B-AFD6-85648A816030}"
EndProject
Global
	GlobalSection(SolutionConfigurationPlatforms) = preSolution
		Debug|Any CPU = Debug|Any CPU
		Release|Any CPU = Release|Any CPU
	EndGlobalSection
	GlobalSection(ProjectConfigurationPlatforms) = postSolution
		{9137B5A0-1B8D-491B-AFD6-85648A816030}.Debug|Any CPU.ActiveCfg = Debug|Any CPU
		{9137B5A0-1B8D-491B-AFD6-85648A816030}.Debug|Any CPU.Build.0 = Debug|Any CPU
		{9137B5A0-1B8D-491B-AFD6-85648A816030}.Release|Any CPU.ActiveCfg = Release|Any CPU
		{9137B5A0-1B8D-491B-AFD6-85648A816030}.Release|Any CPU.Build.0 = Release|Any CPU
	EndGlobalSection
	GlobalSection(SolutionProperties) = preSolution
		HideSolutionNode = FALSE
	EndGlobalSection
	GlobalSection(ExtensibilityGlobals) = postSolution
		SolutionGuid = {4CC0741A-0FF7-4203-A7FB-F1E2D8E091CD}
	EndGlobalSection
EndGlobal
